
Microsoft Visual Studio Solution File, Format Version 12.00
Project("{FAE04EC0-301F-11D3-BF4B-00C04F79EFBC}") = "MinimalWebAPIDependencyInjection", "MinimalWebAPIDependencyInjection\MinimalWebAPIDependencyInjection.csproj", "{DEA1A31B-C17D-4813-A13E-C37F11E19AD1}"
EndProject
Global
	GlobalSection(SolutionConfigurationPlatforms) = preSolution
		Debug|Any CPU = Debug|Any CPU
		Release|Any CPU = Release|Any CPU
	EndGlobalSection
	GlobalSection(ProjectConfigurationPlatforms) = postSolution
		{DEA1A31B-C17D-4813-A13E-C37F11E19AD1}.Debug|Any CPU.ActiveCfg = Debug|Any CPU
		{DEA1A31B-C17D-4813-A13E-C37F11E19AD1}.Debug|Any CPU.Build.0 = Debug|Any CPU
		{DEA1A31B-C17D-4813-A13E-C37F11E19AD1}.Release|Any CPU.ActiveCfg = Release|Any CPU
		{DEA1A31B-C17D-4813-A13E-C37F11E19AD1}.Release|Any CPU.Build.0 = Release|Any CPU
	EndGlobalSection
EndGlobal
