
Microsoft Visual Studio Solution File, Format Version 12.00
Project("{FAE04EC0-301F-11D3-BF4B-00C04F79EFBC}") = "MinimalWebAPIAuthenticationAndAuthorization", "MinimalWebAPIAuthenticationAndAuthorization\MinimalWebAPIAuthenticationAndAuthorization.csproj", "{6BB33EF5-060A-4DC6-A580-C8E67237A69D}"
EndProject
Global
	GlobalSection(SolutionConfigurationPlatforms) = preSolution
		Debug|Any CPU = Debug|Any CPU
		Release|Any CPU = Release|Any CPU
	EndGlobalSection
	GlobalSection(ProjectConfigurationPlatforms) = postSolution
		{6BB33EF5-060A-4DC6-A580-C8E67237A69D}.Debug|Any CPU.ActiveCfg = Debug|Any CPU
		{6BB33EF5-060A-4DC6-A580-C8E67237A69D}.Debug|Any CPU.Build.0 = Debug|Any CPU
		{6BB33EF5-060A-4DC6-A580-C8E67237A69D}.Release|Any CPU.ActiveCfg = Release|Any CPU
		{6BB33EF5-060A-4DC6-A580-C8E67237A69D}.Release|Any CPU.Build.0 = Release|Any CPU
	EndGlobalSection
EndGlobal
