
Microsoft Visual Studio Solution File, Format Version 12.00
Project("{FAE04EC0-301F-11D3-BF4B-00C04F79EFBC}") = "MinimalWebAPIDapper", "MinimalWebAPIDapper\MinimalWebAPIDapper.csproj", "{7B949247-EF88-4CA8-ABDD-EBDB42B10BCA}"
EndProject
Global
	GlobalSection(SolutionConfigurationPlatforms) = preSolution
		Debug|Any CPU = Debug|Any CPU
		Release|Any CPU = Release|Any CPU
	EndGlobalSection
	GlobalSection(ProjectConfigurationPlatforms) = postSolution
		{7B949247-EF88-4CA8-ABDD-EBDB42B10BCA}.Debug|Any CPU.ActiveCfg = Debug|Any CPU
		{7B949247-EF88-4CA8-ABDD-EBDB42B10BCA}.Debug|Any CPU.Build.0 = Debug|Any CPU
		{7B949247-EF88-4CA8-ABDD-EBDB42B10BCA}.Release|Any CPU.ActiveCfg = Release|Any CPU
		{7B949247-EF88-4CA8-ABDD-EBDB42B10BCA}.Release|Any CPU.Build.0 = Release|Any CPU
	EndGlobalSection
EndGlobal
